// !$*UTF8*$!
{
	archiveVersion = 1;
	classes = {
	};
	objectVersion = 46;
	objects = {

/* Begin PBXBuildFile section */
		545934231E7271B10041B98B /* AppDelegate.swift in Sources */ = {isa = PBXBuildFile; fileRef = 545934221E7271B10041B98B /* AppDelegate.swift */; };
		545934251E7271B10041B98B /* ViewController.swift in Sources */ = {isa = PBXBuildFile; fileRef = 545934241E7271B10041B98B /* ViewController.swift */; };
		545934281E7271B10041B98B /* Main.storyboard in Resources */ = {isa = PBXBuildFile; fileRef = 545934261E7271B10041B98B /* Main.storyboard */; };
		5459342A1E7271B10041B98B /* Assets.xcassets in Resources */ = {isa = PBXBuildFile; fileRef = 545934291E7271B10041B98B /* Assets.xcassets */; };
		5459342D1E7271B10041B98B /* LaunchScreen.storyboard in Resources */ = {isa = PBXBuildFile; fileRef = 5459342B1E7271B10041B98B /* LaunchScreen.storyboard */; };
		545934381E7271B10041B98B /* RavenclawTests.swift in Sources */ = {isa = PBXBuildFile; fileRef = 545934371E7271B10041B98B /* RavenclawTests.swift */; };
		545934431E7271B10041B98B /* RavenclawUITests.swift in Sources */ = {isa = PBXBuildFile; fileRef = 545934421E7271B10041B98B /* RavenclawUITests.swift */; };
/* End PBXBuildFile section */

/* Begin PBXContainerItemProxy section */
		545934341E7271B10041B98B /* PBXContainerItemProxy */ = {
			isa = PBXContainerItemProxy;
			containerPortal = 545934171E7271B10041B98B /* Project object */;
			proxyType = 1;
			remoteGlobalIDString = 5459341E1E7271B10041B98B;
			remoteInfo = Ravenclaw;
		};
		5459343F1E7271B10041B98B /* PBXContainerItemProxy */ = {
			isa = PBXContainerItemProxy;
			containerPortal = 545934171E7271B10041B98B /* Project object */;
			proxyType = 1;
			remoteGlobalIDString = 5459341E1E7271B10041B98B;
			remoteInfo = Ravenclaw;
		};
/* End PBXContainerItemProxy section */

/* Begin PBXFileReference section */
		5459341F1E7271B10041B98B /* Ravenclaw.app */ = {isa = PBXFileReference; explicitFileType = wrapper.application; includeInIndex = 0; path = Ravenclaw.app; sourceTree = BUILT_PRODUCTS_DIR; };
		545934221E7271B10041B98B /* AppDelegate.swift */ = {isa = PBXFileReference; lastKnownFileType = sourcecode.swift; path = AppDelegate.swift; sourceTree = "<group>"; };
		545934241E7271B10041B98B /* ViewController.swift */ = {isa = PBXFileReference; lastKnownFileType = sourcecode.swift; path = ViewController.swift; sourceTree = "<group>"; };
		545934271E7271B10041B98B /* Base */ = {isa = PBXFileReference; lastKnownFileType = file.storyboard; name = Base; path = Base.lproj/Main.storyboard; sourceTree = "<group>"; };
		545934291E7271B10041B98B /* Assets.xcassets */ = {isa = PBXFileReference; lastKnownFileType = folder.assetcatalog; path = Assets.xcassets; sourceTree = "<group>"; };
		5459342C1E7271B10041B98B /* Base */ = {isa = PBXFileReference; lastKnownFileType = file.storyboard; name = Base; path = Base.lproj/LaunchScreen.storyboard; sourceTree = "<group>"; };
		5459342E1E7271B10041B98B /* Info.plist */ = {isa = PBXFileReference; lastKnownFileType = text.plist.xml; path = Info.plist; sourceTree = "<group>"; };
		545934331E7271B10041B98B /* RavenclawTests.xctest */ = {isa = PBXFileReference; explicitFileType = wrapper.cfbundle; includeInIndex = 0; path = RavenclawTests.xctest; sourceTree = BUILT_PRODUCTS_DIR; };
		545934371E7271B10041B98B /* RavenclawTests.swift */ = {isa = PBXFileReference; lastKnownFileType = sourcecode.swift; path = RavenclawTests.swift; sourceTree = "<group>"; };
		545934391E7271B10041B98B /* Info.plist */ = {isa = PBXFileReference; lastKnownFileType = text.plist.xml; path = Info.plist; sourceTree = "<group>"; };
		5459343E1E7271B10041B98B /* RavenclawUITests.xctest */ = {isa = PBXFileReference; explicitFileType = wrapper.cfbundle; includeInIndex = 0; path = RavenclawUITests.xctest; sourceTree = BUILT_PRODUCTS_DIR; };
		545934421E7271B10041B98B /* RavenclawUITests.swift */ = {isa = PBXFileReference; lastKnownFileType = sourcecode.swift; path = RavenclawUITests.swift; sourceTree = "<group>"; };
		545934441E7271B10041B98B /* Info.plist */ = {isa = PBXFileReference; lastKnownFileType = text.plist.xml; path = Info.plist; sourceTree = "<group>"; };
/* End PBXFileReference section */

/* Begin PBXFrameworksBuildPhase section */
		5459341C1E7271B10041B98B /* Frameworks */ = {
			isa = PBXFrameworksBuildPhase;
			buildActionMask = 2147483647;
			files = (
			);
			runOnlyForDeploymentPostprocessing = 0;
		};
		545934301E7271B10041B98B /* Frameworks */ = {
			isa = PBXFrameworksBuildPhase;
			buildActionMask = 2147483647;
			files = (
			);
			runOnlyForDeploymentPostprocessing = 0;
		};
		5459343B1E7271B10041B98B /* Frameworks */ = {
			isa = PBXFrameworksBuildPhase;
			buildActionMask = 2147483647;
			files = (
			);
			runOnlyForDeploymentPostprocessing = 0;
		};
/* End PBXFrameworksBuildPhase section */

/* Begin PBXGroup section */
		545934161E7271B10041B98B = {
			isa = PBXGroup;
			children = (
				545934211E7271B10041B98B /* Ravenclaw */,
				545934361E7271B10041B98B /* RavenclawTests */,
				545934411E7271B10041B98B /* RavenclawUITests */,
				545934201E7271B10041B98B /* Products */,
			);
			sourceTree = "<group>";
		};
		545934201E7271B10041B98B /* Products */ = {
			isa = PBXGroup;
			children = (
				5459341F1E7271B10041B98B /* Ravenclaw.app */,
				545934331E7271B10041B98B /* RavenclawTests.xctest */,
				5459343E1E7271B10041B98B /* RavenclawUITests.xctest */,
			);
			name = Products;
			sourceTree = "<group>";
		};
		545934211E7271B10041B98B /* Ravenclaw */ = {
			isa = PBXGroup;
			children = (
				545934221E7271B10041B98B /* AppDelegate.swift */,
				545934241E7271B10041B98B /* ViewController.swift */,
				545934261E7271B10041B98B /* Main.storyboard */,
				545934291E7271B10041B98B /* Assets.xcassets */,
				5459342B1E7271B10041B98B /* LaunchScreen.storyboard */,
				5459342E1E7271B10041B98B /* Info.plist */,
			);
			path = Ravenclaw;
			sourceTree = "<group>";
		};
		545934361E7271B10041B98B /* RavenclawTests */ = {
			isa = PBXGroup;
			children = (
				545934371E7271B10041B98B /* RavenclawTests.swift */,
				545934391E7271B10041B98B /* Info.plist */,
			);
			path = RavenclawTests;
			sourceTree = "<group>";
		};
		545934411E7271B10041B98B /* RavenclawUITests */ = {
			isa = PBXGroup;
			children = (
				545934421E7271B10041B98B /* RavenclawUITests.swift */,
				545934441E7271B10041B98B /* Info.plist */,
			);
			path = RavenclawUITests;
			sourceTree = "<group>";
		};
/* End PBXGroup section */

/* Begin PBXNativeTarget section */
		5459341E1E7271B10041B98B /* Ravenclaw */ = {
			isa = PBXNativeTarget;
			buildConfigurationList = 545934471E7271B10041B98B /* Build configuration list for PBXNativeTarget "Ravenclaw" */;
			buildPhases = (
				5459341B1E7271B10041B98B /* Sources */,
				5459341C1E7271B10041B98B /* Frameworks */,
				5459341D1E7271B10041B98B /* Resources */,
			);
			buildRules = (
			);
			dependencies = (
			);
			name = Ravenclaw;
			productName = Ravenclaw;
			productReference = 5459341F1E7271B10041B98B /* Ravenclaw.app */;
			productType = "com.apple.product-type.application";
		};
		545934321E7271B10041B98B /* RavenclawTests */ = {
			isa = PBXNativeTarget;
			buildConfigurationList = 5459344A1E7271B10041B98B /* Build configuration list for PBXNativeTarget "RavenclawTests" */;
			buildPhases = (
				5459342F1E7271B10041B98B /* Sources */,
				545934301E7271B10041B98B /* Frameworks */,
				545934311E7271B10041B98B /* Resources */,
			);
			buildRules = (
			);
			dependencies = (
				545934351E7271B10041B98B /* PBXTargetDependency */,
			);
			name = RavenclawTests;
			productName = RavenclawTests;
			productReference = 545934331E7271B10041B98B /* RavenclawTests.xctest */;
			productType = "com.apple.product-type.bundle.unit-test";
		};
		5459343D1E7271B10041B98B /* RavenclawUITests */ = {
			isa = PBXNativeTarget;
			buildConfigurationList = 5459344D1E7271B10041B98B /* Build configuration list for PBXNativeTarget "RavenclawUITests" */;
			buildPhases = (
				5459343A1E7271B10041B98B /* Sources */,
				5459343B1E7271B10041B98B /* Frameworks */,
				5459343C1E7271B10041B98B /* Resources */,
			);
			buildRules = (
			);
			dependencies = (
				545934401E7271B10041B98B /* PBXTargetDependency */,
			);
			name = RavenclawUITests;
			productName = RavenclawUITests;
			productReference = 5459343E1E7271B10041B98B /* RavenclawUITests.xctest */;
			productType = "com.apple.product-type.bundle.ui-testing";
		};
/* End PBXNativeTarget section */

/* Begin PBXProject section */
		545934171E7271B10041B98B /* Project object */ = {
			isa = PBXProject;
			attributes = {
				LastSwiftUpdateCheck = 0820;
				LastUpgradeCheck = 0820;
				ORGANIZATIONNAME = SourcePad;
				TargetAttributes = {
					5459341E1E7271B10041B98B = {
						CreatedOnToolsVersion = 8.2.1;
						DevelopmentTeam = K5YXNWA3HQ;
						ProvisioningStyle = Automatic;
					};
					545934321E7271B10041B98B = {
						CreatedOnToolsVersion = 8.2.1;
						DevelopmentTeam = K5YXNWA3HQ;
						ProvisioningStyle = Automatic;
						TestTargetID = 5459341E1E7271B10041B98B;
					};
					5459343D1E7271B10041B98B = {
						CreatedOnToolsVersion = 8.2.1;
						DevelopmentTeam = K5YXNWA3HQ;
						ProvisioningStyle = Automatic;
						TestTargetID = 5459341E1E7271B10041B98B;
					};
				};
			};
			buildConfigurationList = 5459341A1E7271B10041B98B /* Build configuration list for PBXProject "Ravenclaw" */;
			compatibilityVersion = "Xcode 3.2";
			developmentRegion = English;
			hasScannedForEncodings = 0;
			knownRegions = (
				en,
				Base,
			);
			mainGroup = 545934161E7271B10041B98B;
			productRefGroup = 545934201E7271B10041B98B /* Products */;
			projectDirPath = "";
			projectRoot = "";
			targets = (
				5459341E1E7271B10041B98B /* Ravenclaw */,
				545934321E7271B10041B98B /* RavenclawTests */,
				5459343D1E7271B10041B98B /* RavenclawUITests */,
			);
		};
/* End PBXProject section */

/* Begin PBXResourcesBuildPhase section */
		5459341D1E7271B10041B98B /* Resources */ = {
			isa = PBXResourcesBuildPhase;
			buildActionMask = 2147483647;
			files = (
				5459342D1E7271B10041B98B /* LaunchScreen.storyboard in Resources */,
				5459342A1E7271B10041B98B /* Assets.xcassets in Resources */,
				545934281E7271B10041B98B /* Main.storyboard in Resources */,
			);
			runOnlyForDeploymentPostprocessing = 0;
		};
		545934311E7271B10041B98B /* Resources */ = {
			isa = PBXResourcesBuildPhase;
			buildActionMask = 2147483647;
			files = (
			);
			runOnlyForDeploymentPostprocessing = 0;
		};
		5459343C1E7271B10041B98B /* Resources */ = {
			isa = PBXResourcesBuildPhase;
			buildActionMask = 2147483647;
			files = (
			);
			runOnlyForDeploymentPostprocessing = 0;
		};
/* End PBXResourcesBuildPhase section */

/* Begin PBXSourcesBuildPhase section */
		5459341B1E7271B10041B98B /* Sources */ = {
			isa = PBXSourcesBuildPhase;
			buildActionMask = 2147483647;
			files = (
				545934251E7271B10041B98B /* ViewController.swift in Sources */,
				545934231E7271B10041B98B /* AppDelegate.swift in Sources */,
			);
			runOnlyForDeploymentPostprocessing = 0;
		};
		5459342F1E7271B10041B98B /* Sources */ = {
			isa = PBXSourcesBuildPhase;
			buildActionMask = 2147483647;
			files = (
				545934381E7271B10041B98B /* RavenclawTests.swift in Sources */,
			);
			runOnlyForDeploymentPostprocessing = 0;
		};
		5459343A1E7271B10041B98B /* Sources */ = {
			isa = PBXSourcesBuildPhase;
			buildActionMask = 2147483647;
			files = (
				545934431E7271B10041B98B /* RavenclawUITests.swift in Sources */,
			);
			runOnlyForDeploymentPostprocessing = 0;
		};
/* End PBXSourcesBuildPhase section */

/* Begin PBXTargetDependency section */
		545934351E7271B10041B98B /* PBXTargetDependency */ = {
			isa = PBXTargetDependency;
			target = 5459341E1E7271B10041B98B /* Ravenclaw */;
			targetProxy = 545934341E7271B10041B98B /* PBXContainerItemProxy */;
		};
		545934401E7271B10041B98B /* PBXTargetDependency */ = {
			isa = PBXTargetDependency;
			target = 5459341E1E7271B10041B98B /* Ravenclaw */;
			targetProxy = 5459343F1E7271B10041B98B /* PBXContainerItemProxy */;
		};
/* End PBXTargetDependency section */

/* Begin PBXVariantGroup section */
		545934261E7271B10041B98B /* Main.storyboard */ = {
			isa = PBXVariantGroup;
			children = (
				545934271E7271B10041B98B /* Base */,
			);
			name = Main.storyboard;
			sourceTree = "<group>";
		};
		5459342B1E7271B10041B98B /* LaunchScreen.storyboard */ = {
			isa = PBXVariantGroup;
			children = (
				5459342C1E7271B10041B98B /* Base */,
			);
			name = LaunchScreen.storyboard;
			sourceTree = "<group>";
		};
/* End PBXVariantGroup section */

/* Begin XCBuildConfiguration section */
		545934451E7271B10041B98B /* Debug */ = {
			isa = XCBuildConfiguration;
			buildSettings = {
				ALWAYS_SEARCH_USER_PATHS = NO;
				CLANG_ANALYZER_NONNULL = YES;
				CLANG_CXX_LANGUAGE_STANDARD = "gnu++0x";
				CLANG_CXX_LIBRARY = "libc++";
				CLANG_ENABLE_MODULES = YES;
				CLANG_ENABLE_OBJC_ARC = YES;
				CLANG_WARN_BOOL_CONVERSION = YES;
				CLANG_WARN_CONSTANT_CONVERSION = YES;
				CLANG_WARN_DIRECT_OBJC_ISA_USAGE = YES_ERROR;
				CLANG_WARN_DOCUMENTATION_COMMENTS = YES;
				CLANG_WARN_EMPTY_BODY = YES;
				CLANG_WARN_ENUM_CONVERSION = YES;
				CLANG_WARN_INFINITE_RECURSION = YES;
				CLANG_WARN_INT_CONVERSION = YES;
				CLANG_WARN_OBJC_ROOT_CLASS = YES_ERROR;
				CLANG_WARN_SUSPICIOUS_MOVE = YES;
				CLANG_WARN_UNREACHABLE_CODE = YES;
				CLANG_WARN__DUPLICATE_METHOD_MATCH = YES;
				"CODE_SIGN_IDENTITY[sdk=iphoneos*]" = "iPhone Developer";
				COPY_PHASE_STRIP = NO;
				DEBUG_INFORMATION_FORMAT = dwarf;
				ENABLE_STRICT_OBJC_MSGSEND = YES;
				ENABLE_TESTABILITY = YES;
				GCC_C_LANGUAGE_STANDARD = gnu99;
				GCC_DYNAMIC_NO_PIC = NO;
				GCC_NO_COMMON_BLOCKS = YES;
				GCC_OPTIMIZATION_LEVEL = 0;
				GCC_PREPROCESSOR_DEFINITIONS = (
					"DEBUG=1",
					"$(inherited)",
				);
				GCC_WARN_64_TO_32_BIT_CONVERSION = YES;
				GCC_WARN_ABOUT_RETURN_TYPE = YES_ERROR;
				GCC_WARN_UNDECLARED_SELECTOR = YES;
				GCC_WARN_UNINITIALIZED_AUTOS = YES_AGGRESSIVE;
				GCC_WARN_UNUSED_FUNCTION = YES;
				GCC_WARN_UNUSED_VARIABLE = YES;
				IPHONEOS_DEPLOYMENT_TARGET = 10.2;
				MTL_ENABLE_DEBUG_INFO = YES;
				ONLY_ACTIVE_ARCH = YES;
				SDKROOT = iphoneos;
				SWIFT_ACTIVE_COMPILATION_CONDITIONS = DEBUG;
				SWIFT_OPTIMIZATION_LEVEL = "-Onone";
			};
			name = Debug;
		};
		545934461E7271B10041B98B /* Release */ = {
			isa = XCBuildConfiguration;
			buildSettings = {
				ALWAYS_SEARCH_USER_PATHS = NO;
				CLANG_ANALYZER_NONNULL = YES;
				CLANG_CXX_LANGUAGE_STANDARD = "gnu++0x";
				CLANG_CXX_LIBRARY = "libc++";
				CLANG_ENABLE_MODULES = YES;
				CLANG_ENABLE_OBJC_ARC = YES;
				CLANG_WARN_BOOL_CONVERSION = YES;
				CLANG_WARN_CONSTANT_CONVERSION = YES;
				CLANG_WARN_DIRECT_OBJC_ISA_USAGE = YES_ERROR;
				CLANG_WARN_DOCUMENTATION_COMMENTS = YES;
				CLANG_WARN_EMPTY_BODY = YES;
				CLANG_WARN_ENUM_CONVERSION = YES;
				CLANG_WARN_INFINITE_RECURSION = YES;
				CLANG_WARN_INT_CONVERSION = YES;
				CLANG_WARN_OBJC_ROOT_CLASS = YES_ERROR;
				CLANG_WARN_SUSPICIOUS_MOVE = YES;
				CLANG_WARN_UNREACHABLE_CODE = YES;
				CLANG_WARN__DUPLICATE_METHOD_MATCH = YES;
				"CODE_SIGN_IDENTITY[sdk=iphoneos*]" = "iPhone Developer";
				COPY_PHASE_STRIP = NO;
				DEBUG_INFORMATION_FORMAT = "dwarf-with-dsym";
				ENABLE_NS_ASSERTIONS = NO;
				ENABLE_STRICT_OBJC_MSGSEND = YES;
				GCC_C_LANGUAGE_STANDARD = gnu99;
				GCC_NO_COMMON_BLOCKS = YES;
				GCC_WARN_64_TO_32_BIT_CONVERSION = YES;
				GCC_WARN_ABOUT_RETURN_TYPE = YES_ERROR;
				GCC_WARN_UNDECLARED_SELECTOR = YES;
				GCC_WARN_UNINITIALIZED_AUTOS = YES_AGGRESSIVE;
				GCC_WARN_UNUSED_FUNCTION = YES;
				GCC_WARN_UNUSED_VARIABLE = YES;
				IPHONEOS_DEPLOYMENT_TARGET = 10.2;
				MTL_ENABLE_DEBUG_INFO = NO;
				SDKROOT = iphoneos;
				SWIFT_OPTIMIZATION_LEVEL = "-Owholemodule";
				VALIDATE_PRODUCT = YES;
			};
			name = Release;
		};
		545934481E7271B10041B98B /* Debug */ = {
			isa = XCBuildConfiguration;
			buildSettings = {
				ASSETCATALOG_COMPILER_APPICON_NAME = AppIcon;
				DEVELOPMENT_TEAM = K5YXNWA3HQ;
				INFOPLIST_FILE = Ravenclaw/Info.plist;
				LD_RUNPATH_SEARCH_PATHS = "$(inherited) @executable_path/Frameworks";
				PRODUCT_BUNDLE_IDENTIFIER = com.SourcePad.Ravenclaw;
				PRODUCT_NAME = "$(TARGET_NAME)";
				SWIFT_VERSION = 3.0;
			};
			name = Debug;
		};
		545934491E7271B10041B98B /* Release */ = {
			isa = XCBuildConfiguration;
			buildSettings = {
				ASSETCATALOG_COMPILER_APPICON_NAME = AppIcon;
				DEVELOPMENT_TEAM = K5YXNWA3HQ;
				INFOPLIST_FILE = Ravenclaw/Info.plist;
				LD_RUNPATH_SEARCH_PATHS = "$(inherited) @executable_path/Frameworks";
				PRODUCT_BUNDLE_IDENTIFIER = com.SourcePad.Ravenclaw;
				PRODUCT_NAME = "$(TARGET_NAME)";
				SWIFT_VERSION = 3.0;
			};
			name = Release;
		};
		5459344B1E7271B10041B98B /* Debug */ = {
			isa = XCBuildConfiguration;
			buildSettings = {
				ALWAYS_EMBED_SWIFT_STANDARD_LIBRARIES = YES;
				BUNDLE_LOADER = "$(TEST_HOST)";
				DEVELOPMENT_TEAM = K5YXNWA3HQ;
				INFOPLIST_FILE = RavenclawTests/Info.plist;
				LD_RUNPATH_SEARCH_PATHS = "$(inherited) @executable_path/Frameworks @loader_path/Frameworks";
				PRODUCT_BUNDLE_IDENTIFIER = com.SourcePad.RavenclawTests;
				PRODUCT_NAME = "$(TARGET_NAME)";
				SWIFT_VERSION = 3.0;
				TEST_HOST = "$(BUILT_PRODUCTS_DIR)/Ravenclaw.app/Ravenclaw";
			};
			name = Debug;
		};
		5459344C1E7271B10041B98B /* Release */ = {
			isa = XCBuildConfiguration;
			buildSettings = {
				ALWAYS_EMBED_SWIFT_STANDARD_LIBRARIES = YES;
				BUNDLE_LOADER = "$(TEST_HOST)";
				DEVELOPMENT_TEAM = K5YXNWA3HQ;
				INFOPLIST_FILE = RavenclawTests/Info.plist;
				LD_RUNPATH_SEARCH_PATHS = "$(inherited) @executable_path/Frameworks @loader_path/Frameworks";
				PRODUCT_BUNDLE_IDENTIFIER = com.SourcePad.RavenclawTests;
				PRODUCT_NAME = "$(TARGET_NAME)";
				SWIFT_VERSION = 3.0;
				TEST_HOST = "$(BUILT_PRODUCTS_DIR)/Ravenclaw.app/Ravenclaw";
			};
			name = Release;
		};
		5459344E1E7271B10041B98B /* Debug */ = {
			isa = XCBuildConfiguration;
			buildSettings = {
				ALWAYS_EMBED_SWIFT_STANDARD_LIBRARIES = YES;
				DEVELOPMENT_TEAM = K5YXNWA3HQ;
				INFOPLIST_FILE = RavenclawUITests/Info.plist;
				LD_RUNPATH_SEARCH_PATHS = "$(inherited) @executable_path/Frameworks @loader_path/Frameworks";
				PRODUCT_BUNDLE_IDENTIFIER = com.SourcePad.RavenclawUITests;
				PRODUCT_NAME = "$(TARGET_NAME)";
				SWIFT_VERSION = 3.0;
				TEST_TARGET_NAME = Ravenclaw;
			};
			name = Debug;
		};
		5459344F1E7271B10041B98B /* Release */ = {
			isa = XCBuildConfiguration;
			buildSettings = {
				ALWAYS_EMBED_SWIFT_STANDARD_LIBRARIES = YES;
				DEVELOPMENT_TEAM = K5YXNWA3HQ;
				INFOPLIST_FILE = RavenclawUITests/Info.plist;
				LD_RUNPATH_SEARCH_PATHS = "$(inherited) @executable_path/Frameworks @loader_path/Frameworks";
				PRODUCT_BUNDLE_IDENTIFIER = com.SourcePad.RavenclawUITests;
				PRODUCT_NAME = "$(TARGET_NAME)";
				SWIFT_VERSION = 3.0;
				TEST_TARGET_NAME = Ravenclaw;
			};
			name = Release;
		};
/* End XCBuildConfiguration section */

/* Begin XCConfigurationList section */
		5459341A1E7271B10041B98B /* Build configuration list for PBXProject "Ravenclaw" */ = {
			isa = XCConfigurationList;
			buildConfigurations = (
				545934451E7271B10041B98B /* Debug */,
				545934461E7271B10041B98B /* Release */,
			);
			defaultConfigurationIsVisible = 0;
			defaultConfigurationName = Release;
		};
		545934471E7271B10041B98B /* Build configuration list for PBXNativeTarget "Ravenclaw" */ = {
			isa = XCConfigurationList;
			buildConfigurations = (
				545934481E7271B10041B98B /* Debug */,
				545934491E7271B10041B98B /* Release */,
			);
			defaultConfigurationIsVisible = 0;
		};
		5459344A1E7271B10041B98B /* Build configuration list for PBXNativeTarget "RavenclawTests" */ = {
			isa = XCConfigurationList;
			buildConfigurations = (
				5459344B1E7271B10041B98B /* Debug */,
				5459344C1E7271B10041B98B /* Release */,
			);
			defaultConfigurationIsVisible = 0;
		};
		5459344D1E7271B10041B98B /* Build configuration list for PBXNativeTarget "RavenclawUITests" */ = {
			isa = XCConfigurationList;
			buildConfigurations = (
				5459344E1E7271B10041B98B /* Debug */,
				5459344F1E7271B10041B98B /* Release */,
			);
			defaultConfigurationIsVisible = 0;
		};
/* End XCConfigurationList section */
	};
	rootObject = 545934171E7271B10041B98B /* Project object */;
}
